// !$*UTF8*$!
{
	archiveVersion = 1;
	classes = {
	};
	objectVersion = 55;
	objects = {

/* Begin PBXBuildFile section */
		FC3F218C28936BE30059E855 /* AppDelegate.swift in Sources */ = {isa = PBXBuildFile; fileRef = FC3F218B28936BE30059E855 /* AppDelegate.swift */; };
		FC3F218E28936BE30059E855 /* SceneDelegate.swift in Sources */ = {isa = PBXBuildFile; fileRef = FC3F218D28936BE30059E855 /* SceneDelegate.swift */; };
		FC3F219028936BE30059E855 /* ViewController.swift in Sources */ = {isa = PBXBuildFile; fileRef = FC3F218F28936BE30059E855 /* ViewController.swift */; };
		FC3F219328936BE30059E855 /* Main.storyboard in Resources */ = {isa = PBXBuildFile; fileRef = FC3F219128936BE30059E855 /* Main.storyboard */; };
		FC3F219528936BEB0059E855 /* Assets.xcassets in Resources */ = {isa = PBXBuildFile; fileRef = FC3F219428936BEB0059E855 /* Assets.xcassets */; };
		FC3F219828936BEB0059E855 /* LaunchScreen.storyboard in Resources */ = {isa = PBXBuildFile; fileRef = FC3F219628936BEB0059E855 /* LaunchScreen.storyboard */; };
		FC3F21A328936BEB0059E855 /* SampleUITests.swift in Sources */ = {isa = PBXBuildFile; fileRef = FC3F21A228936BEB0059E855 /* SampleUITests.swift */; };
		FC3F21AD28936BEB0059E855 /* SampleUIUITests.swift in Sources */ = {isa = PBXBuildFile; fileRef = FC3F21AC28936BEB0059E855 /* SampleUIUITests.swift */; };
		FC3F21AF28936BEB0059E855 /* SampleUIUITestsLaunchTests.swift in Sources */ = {isa = PBXBuildFile; fileRef = FC3F21AE28936BEB0059E855 /* SampleUIUITestsLaunchTests.swift */; };
		FC86676A28BC1F9C00A757C6 /* Sample.storyboard in Resources */ = {isa = PBXBuildFile; fileRef = FC86676928BC1F9C00A757C6 /* Sample.storyboard */; };
		FC86676C28BC1FBA00A757C6 /* SampleViewController.swift in Sources */ = {isa = PBXBuildFile; fileRef = FC86676B28BC1FBA00A757C6 /* SampleViewController.swift */; };
/* End PBXBuildFile section */

/* Begin PBXContainerItemProxy section */
		FC3F219F28936BEB0059E855 /* PBXContainerItemProxy */ = {
			isa = PBXContainerItemProxy;
			containerPortal = FC3F218028936BE30059E855 /* Project object */;
			proxyType = 1;
			remoteGlobalIDString = FC3F218728936BE30059E855;
			remoteInfo = SampleUI;
		};
		FC3F21A928936BEB0059E855 /* PBXContainerItemProxy */ = {
			isa = PBXContainerItemProxy;
			containerPortal = FC3F218028936BE30059E855 /* Project object */;
			proxyType = 1;
			remoteGlobalIDString = FC3F218728936BE30059E855;
			remoteInfo = SampleUI;
		};
/* End PBXContainerItemProxy section */

/* Begin PBXFileReference section */
		FC3F218828936BE30059E855 /* SampleUI.app */ = {isa = PBXFileReference; explicitFileType = wrapper.application; includeInIndex = 0; path = SampleUI.app; sourceTree = BUILT_PRODUCTS_DIR; };
		FC3F218B28936BE30059E855 /* AppDelegate.swift */ = {isa = PBXFileReference; lastKnownFileType = sourcecode.swift; path = AppDelegate.swift; sourceTree = "<group>"; };
		FC3F218D28936BE30059E855 /* SceneDelegate.swift */ = {isa = PBXFileReference; lastKnownFileType = sourcecode.swift; path = SceneDelegate.swift; sourceTree = "<group>"; };
		FC3F218F28936BE30059E855 /* ViewController.swift */ = {isa = PBXFileReference; lastKnownFileType = sourcecode.swift; path = ViewController.swift; sourceTree = "<group>"; };
		FC3F219228936BE30059E855 /* Base */ = {isa = PBXFileReference; lastKnownFileType = file.storyboard; name = Base; path = Base.lproj/Main.storyboard; sourceTree = "<group>"; };
		FC3F219428936BEB0059E855 /* Assets.xcassets */ = {isa = PBXFileReference; lastKnownFileType = folder.assetcatalog; path = Assets.xcassets; sourceTree = "<group>"; };
		FC3F219728936BEB0059E855 /* Base */ = {isa = PBXFileReference; lastKnownFileType = file.storyboard; name = Base; path = Base.lproj/LaunchScreen.storyboard; sourceTree = "<group>"; };
		FC3F219928936BEB0059E855 /* Info.plist */ = {isa = PBXFileReference; lastKnownFileType = text.plist.xml; path = Info.plist; sourceTree = "<group>"; };
		FC3F219E28936BEB0059E855 /* SampleUITests.xctest */ = {isa = PBXFileReference; explicitFileType = wrapper.cfbundle; includeInIndex = 0; path = SampleUITests.xctest; sourceTree = BUILT_PRODUCTS_DIR; };
		FC3F21A228936BEB0059E855 /* SampleUITests.swift */ = {isa = PBXFileReference; lastKnownFileType = sourcecode.swift; path = SampleUITests.swift; sourceTree = "<group>"; };
		FC3F21A828936BEB0059E855 /* SampleUIUITests.xctest */ = {isa = PBXFileReference; explicitFileType = wrapper.cfbundle; includeInIndex = 0; path = SampleUIUITests.xctest; sourceTree = BUILT_PRODUCTS_DIR; };
		FC3F21AC28936BEB0059E855 /* SampleUIUITests.swift */ = {isa = PBXFileReference; lastKnownFileType = sourcecode.swift; path = SampleUIUITests.swift; sourceTree = "<group>"; };
		FC3F21AE28936BEB0059E855 /* SampleUIUITestsLaunchTests.swift */ = {isa = PBXFileReference; lastKnownFileType = sourcecode.swift; path = SampleUIUITestsLaunchTests.swift; sourceTree = "<group>"; };
		FC86676928BC1F9C00A757C6 /* Sample.storyboard */ = {isa = PBXFileReference; lastKnownFileType = file.storyboard; path = Sample.storyboard; sourceTree = "<group>"; };
		FC86676B28BC1FBA00A757C6 /* SampleViewController.swift */ = {isa = PBXFileReference; lastKnownFileType = sourcecode.swift; path = SampleViewController.swift; sourceTree = "<group>"; };
/* End PBXFileReference section */

/* Begin PBXFrameworksBuildPhase section */
		FC3F218528936BE30059E855 /* Frameworks */ = {
			isa = PBXFrameworksBuildPhase;
			buildActionMask = 2147483647;
			files = (
			);
			runOnlyForDeploymentPostprocessing = 0;
		};
		FC3F219B28936BEB0059E855 /* Frameworks */ = {
			isa = PBXFrameworksBuildPhase;
			buildActionMask = 2147483647;
			files = (
			);
			runOnlyForDeploymentPostprocessing = 0;
		};
		FC3F21A528936BEB0059E855 /* Frameworks */ = {
			isa = PBXFrameworksBuildPhase;
			buildActionMask = 2147483647;
			files = (
			);
			runOnlyForDeploymentPostprocessing = 0;
		};
/* End PBXFrameworksBuildPhase section */

/* Begin PBXGroup section */
		FC3F217F28936BE30059E855 = {
			isa = PBXGroup;
			children = (
				FC3F218A28936BE30059E855 /* SampleUI */,
				FC3F21A128936BEB0059E855 /* SampleUITests */,
				FC3F21AB28936BEB0059E855 /* SampleUIUITests */,
				FC3F218928936BE30059E855 /* Products */,
			);
			sourceTree = "<group>";
		};
		FC3F218928936BE30059E855 /* Products */ = {
			isa = PBXGroup;
			children = (
				FC3F218828936BE30059E855 /* SampleUI.app */,
				FC3F219E28936BEB0059E855 /* SampleUITests.xctest */,
				FC3F21A828936BEB0059E855 /* SampleUIUITests.xctest */,
			);
			name = Products;
			sourceTree = "<group>";
		};
		FC3F218A28936BE30059E855 /* SampleUI */ = {
			isa = PBXGroup;
			children = (
				FC3F218B28936BE30059E855 /* AppDelegate.swift */,
				FC3F218D28936BE30059E855 /* SceneDelegate.swift */,
				FC3F219128936BE30059E855 /* Main.storyboard */,
				FC3F218F28936BE30059E855 /* ViewController.swift */,
				FC86676928BC1F9C00A757C6 /* Sample.storyboard */,
				FC86676B28BC1FBA00A757C6 /* SampleViewController.swift */,
				FC3F219428936BEB0059E855 /* Assets.xcassets */,
				FC3F219628936BEB0059E855 /* LaunchScreen.storyboard */,
				FC3F219928936BEB0059E855 /* Info.plist */,
			);
			path = SampleUI;
			sourceTree = "<group>";
		};
		FC3F21A128936BEB0059E855 /* SampleUITests */ = {
			isa = PBXGroup;
			children = (
				FC3F21A228936BEB0059E855 /* SampleUITests.swift */,
			);
			path = SampleUITests;
			sourceTree = "<group>";
		};
		FC3F21AB28936BEB0059E855 /* SampleUIUITests */ = {
			isa = PBXGroup;
			children = (
				FC3F21AC28936BEB0059E855 /* SampleUIUITests.swift */,
				FC3F21AE28936BEB0059E855 /* SampleUIUITestsLaunchTests.swift */,
			);
			path = SampleUIUITests;
			sourceTree = "<group>";
		};
/* End PBXGroup section */

/* Begin PBXNativeTarget section */
		FC3F218728936BE30059E855 /* SampleUI */ = {
			isa = PBXNativeTarget;
			buildConfigurationList = FC3F21B228936BEB0059E855 /* Build configuration list for PBXNativeTarget "SampleUI" */;
			buildPhases = (
				FC3F218428936BE30059E855 /* Sources */,
				FC3F218528936BE30059E855 /* Frameworks */,
				FC3F218628936BE30059E855 /* Resources */,
			);
			buildRules = (
			);
			dependencies = (
			);
			name = SampleUI;
			productName = SampleUI;
			productReference = FC3F218828936BE30059E855 /* SampleUI.app */;
			productType = "com.apple.product-type.application";
		};
		FC3F219D28936BEB0059E855 /* SampleUITests */ = {
			isa = PBXNativeTarget;
			buildConfigurationList = FC3F21B528936BEB0059E855 /* Build configuration list for PBXNativeTarget "SampleUITests" */;
			buildPhases = (
				FC3F219A28936BEB0059E855 /* Sources */,
				FC3F219B28936BEB0059E855 /* Frameworks */,
				FC3F219C28936BEB0059E855 /* Resources */,
			);
			buildRules = (
			);
			dependencies = (
				FC3F21A028936BEB0059E855 /* PBXTargetDependency */,
			);
			name = SampleUITests;
			productName = SampleUITests;
			productReference = FC3F219E28936BEB0059E855 /* SampleUITests.xctest */;
			productType = "com.apple.product-type.bundle.unit-test";
		};
		FC3F21A728936BEB0059E855 /* SampleUIUITests */ = {
			isa = PBXNativeTarget;
			buildConfigurationList = FC3F21B828936BEB0059E855 /* Build configuration list for PBXNativeTarget "SampleUIUITests" */;
			buildPhases = (
				FC3F21A428936BEB0059E855 /* Sources */,
				FC3F21A528936BEB0059E855 /* Frameworks */,
				FC3F21A628936BEB0059E855 /* Resources */,
			);
			buildRules = (
			);
			dependencies = (
				FC3F21AA28936BEB0059E855 /* PBXTargetDependency */,
			);
			name = SampleUIUITests;
			productName = SampleUIUITests;
			productReference = FC3F21A828936BEB0059E855 /* SampleUIUITests.xctest */;
			productType = "com.apple.product-type.bundle.ui-testing";
		};
/* End PBXNativeTarget section */

/* Begin PBXProject section */
		FC3F218028936BE30059E855 /* Project object */ = {
			isa = PBXProject;
			attributes = {
				BuildIndependentTargetsInParallel = 1;
				LastSwiftUpdateCheck = 1340;
				LastUpgradeCheck = 1340;
				TargetAttributes = {
					FC3F218728936BE30059E855 = {
						CreatedOnToolsVersion = 13.4.1;
					};
					FC3F219D28936BEB0059E855 = {
						CreatedOnToolsVersion = 13.4.1;
						TestTargetID = FC3F218728936BE30059E855;
					};
					FC3F21A728936BEB0059E855 = {
						CreatedOnToolsVersion = 13.4.1;
						TestTargetID = FC3F218728936BE30059E855;
					};
				};
			};
			buildConfigurationList = FC3F218328936BE30059E855 /* Build configuration list for PBXProject "SampleUI" */;
			compatibilityVersion = "Xcode 13.0";
			developmentRegion = en;
			hasScannedForEncodings = 0;
			knownRegions = (
				en,
				Base,
			);
			mainGroup = FC3F217F28936BE30059E855;
			productRefGroup = FC3F218928936BE30059E855 /* Products */;
			projectDirPath = "";
			projectRoot = "";
			targets = (
				FC3F218728936BE30059E855 /* SampleUI */,
				FC3F219D28936BEB0059E855 /* SampleUITests */,
				FC3F21A728936BEB0059E855 /* SampleUIUITests */,
			);
		};
/* End PBXProject section */

/* Begin PBXResourcesBuildPhase section */
		FC3F218628936BE30059E855 /* Resources */ = {
			isa = PBXResourcesBuildPhase;
			buildActionMask = 2147483647;
			files = (
				FC3F219828936BEB0059E855 /* LaunchScreen.storyboard in Resources */,
				FC3F219528936BEB0059E855 /* Assets.xcassets in Resources */,
				FC86676A28BC1F9C00A757C6 /* Sample.storyboard in Resources */,
				FC3F219328936BE30059E855 /* Main.storyboard in Resources */,
			);
			runOnlyForDeploymentPostprocessing = 0;
		};
		FC3F219C28936BEB0059E855 /* Resources */ = {
			isa = PBXResourcesBuildPhase;
			buildActionMask = 2147483647;
			files = (
			);
			runOnlyForDeploymentPostprocessing = 0;
		};
		FC3F21A628936BEB0059E855 /* Resources */ = {
			isa = PBXResourcesBuildPhase;
			buildActionMask = 2147483647;
			files = (
			);
			runOnlyForDeploymentPostprocessing = 0;
		};
/* End PBXResourcesBuildPhase section */

/* Begin PBXSourcesBuildPhase section */
		FC3F218428936BE30059E855 /* Sources */ = {
			isa = PBXSourcesBuildPhase;
			buildActionMask = 2147483647;
			files = (
				FC3F219028936BE30059E855 /* ViewController.swift in Sources */,
				FC3F218C28936BE30059E855 /* AppDelegate.swift in Sources */,
				FC86676C28BC1FBA00A757C6 /* SampleViewController.swift in Sources */,
				FC3F218E28936BE30059E855 /* SceneDelegate.swift in Sources */,
			);
			runOnlyForDeploymentPostprocessing = 0;
		};
		FC3F219A28936BEB0059E855 /* Sources */ = {
			isa = PBXSourcesBuildPhase;
			buildActionMask = 2147483647;
			files = (
				FC3F21A328936BEB0059E855 /* SampleUITests.swift in Sources */,
			);
			runOnlyForDeploymentPostprocessing = 0;
		};
		FC3F21A428936BEB0059E855 /* Sources */ = {
			isa = PBXSourcesBuildPhase;
			buildActionMask = 2147483647;
			files = (
				FC3F21AF28936BEB0059E855 /* SampleUIUITestsLaunchTests.swift in Sources */,
				FC3F21AD28936BEB0059E855 /* SampleUIUITests.swift in Sources */,
			);
			runOnlyForDeploymentPostprocessing = 0;
		};
/* End PBXSourcesBuildPhase section */

/* Begin PBXTargetDependency section */
		FC3F21A028936BEB0059E855 /* PBXTargetDependency */ = {
			isa = PBXTargetDependency;
			target = FC3F218728936BE30059E855 /* SampleUI */;
			targetProxy = FC3F219F28936BEB0059E855 /* PBXContainerItemProxy */;
		};
		FC3F21AA28936BEB0059E855 /* PBXTargetDependency */ = {
			isa = PBXTargetDependency;
			target = FC3F218728936BE30059E855 /* SampleUI */;
			targetProxy = FC3F21A928936BEB0059E855 /* PBXContainerItemProxy */;
		};
/* End PBXTargetDependency section */

/* Begin PBXVariantGroup section */
		FC3F219128936BE30059E855 /* Main.storyboard */ = {
			isa = PBXVariantGroup;
			children = (
				FC3F219228936BE30059E855 /* Base */,
			);
			name = Main.storyboard;
			sourceTree = "<group>";
		};
		FC3F219628936BEB0059E855 /* LaunchScreen.storyboard */ = {
			isa = PBXVariantGroup;
			children = (
				FC3F219728936BEB0059E855 /* Base */,
			);
			name = LaunchScreen.storyboard;
			sourceTree = "<group>";
		};
/* End PBXVariantGroup section */

/* Begin XCBuildConfiguration section */
		FC3F21B028936BEB0059E855 /* Debug */ = {
			isa = XCBuildConfiguration;
			buildSettings = {
				ALWAYS_SEARCH_USER_PATHS = NO;
				CLANG_ANALYZER_NONNULL = YES;
				CLANG_ANALYZER_NUMBER_OBJECT_CONVERSION = YES_AGGRESSIVE;
				CLANG_CXX_LANGUAGE_STANDARD = "gnu++17";
				CLANG_ENABLE_MODULES = YES;
				CLANG_ENABLE_OBJC_ARC = YES;
				CLANG_ENABLE_OBJC_WEAK = YES;
				CLANG_WARN_BLOCK_CAPTURE_AUTORELEASING = YES;
				CLANG_WARN_BOOL_CONVERSION = YES;
				CLANG_WARN_COMMA = YES;
				CLANG_WARN_CONSTANT_CONVERSION = YES;
				CLANG_WARN_DEPRECATED_OBJC_IMPLEMENTATIONS = YES;
				CLANG_WARN_DIRECT_OBJC_ISA_USAGE = YES_ERROR;
				CLANG_WARN_DOCUMENTATION_COMMENTS = YES;
				CLANG_WARN_EMPTY_BODY = YES;
				CLANG_WARN_ENUM_CONVERSION = YES;
				CLANG_WARN_INFINITE_RECURSION = YES;
				CLANG_WARN_INT_CONVERSION = YES;
				CLANG_WARN_NON_LITERAL_NULL_CONVERSION = YES;
				CLANG_WARN_OBJC_IMPLICIT_RETAIN_SELF = YES;
				CLANG_WARN_OBJC_LITERAL_CONVERSION = YES;
				CLANG_WARN_OBJC_ROOT_CLASS = YES_ERROR;
				CLANG_WARN_QUOTED_INCLUDE_IN_FRAMEWORK_HEADER = YES;
				CLANG_WARN_RANGE_LOOP_ANALYSIS = YES;
				CLANG_WARN_STRICT_PROTOTYPES = YES;
				CLANG_WARN_SUSPICIOUS_MOVE = YES;
				CLANG_WARN_UNGUARDED_AVAILABILITY = YES_AGGRESSIVE;
				CLANG_WARN_UNREACHABLE_CODE = YES;
				CLANG_WARN__DUPLICATE_METHOD_MATCH = YES;
				COPY_PHASE_STRIP = NO;
				DEBUG_INFORMATION_FORMAT = dwarf;
				ENABLE_STRICT_OBJC_MSGSEND = YES;
				ENABLE_TESTABILITY = YES;
				GCC_C_LANGUAGE_STANDARD = gnu11;
				GCC_DYNAMIC_NO_PIC = NO;
				GCC_NO_COMMON_BLOCKS = YES;
				GCC_OPTIMIZATION_LEVEL = 0;
				GCC_PREPROCESSOR_DEFINITIONS = (
					"DEBUG=1",
					"$(inherited)",
				);
				GCC_WARN_64_TO_32_BIT_CONVERSION = YES;
				GCC_WARN_ABOUT_RETURN_TYPE = YES_ERROR;
				GCC_WARN_UNDECLARED_SELECTOR = YES;
				GCC_WARN_UNINITIALIZED_AUTOS = YES_AGGRESSIVE;
				GCC_WARN_UNUSED_FUNCTION = YES;
				GCC_WARN_UNUSED_VARIABLE = YES;
				IPHONEOS_DEPLOYMENT_TARGET = 15.5;
				MTL_ENABLE_DEBUG_INFO = INCLUDE_SOURCE;
				MTL_FAST_MATH = YES;
				ONLY_ACTIVE_ARCH = YES;
				SDKROOT = iphoneos;
				SWIFT_ACTIVE_COMPILATION_CONDITIONS = DEBUG;
				SWIFT_OPTIMIZATION_LEVEL = "-Onone";
			};
			name = Debug;
		};
		FC3F21B128936BEB0059E855 /* Release */ = {
			isa = XCBuildConfiguration;
			buildSettings = {
				ALWAYS_SEARCH_USER_PATHS = NO;
				CLANG_ANALYZER_NONNULL = YES;
				CLANG_ANALYZER_NUMBER_OBJECT_CONVERSION = YES_AGGRESSIVE;
				CLANG_CXX_LANGUAGE_STANDARD = "gnu++17";
				CLANG_ENABLE_MODULES = YES;
				CLANG_ENABLE_OBJC_ARC = YES;
				CLANG_ENABLE_OBJC_WEAK = YES;
				CLANG_WARN_BLOCK_CAPTURE_AUTORELEASING = YES;
				CLANG_WARN_BOOL_CONVERSION = YES;
				CLANG_WARN_COMMA = YES;
				CLANG_WARN_CONSTANT_CONVERSION = YES;
				CLANG_WARN_DEPRECATED_OBJC_IMPLEMENTATIONS = YES;
				CLANG_WARN_DIRECT_OBJC_ISA_USAGE = YES_ERROR;
				CLANG_WARN_DOCUMENTATION_COMMENTS = YES;
				CLANG_WARN_EMPTY_BODY = YES;
				CLANG_WARN_ENUM_CONVERSION = YES;
				CLANG_WARN_INFINITE_RECURSION = YES;
				CLANG_WARN_INT_CONVERSION = YES;
				CLANG_WARN_NON_LITERAL_NULL_CONVERSION = YES;
				CLANG_WARN_OBJC_IMPLICIT_RETAIN_SELF = YES;
				CLANG_WARN_OBJC_LITERAL_CONVERSION = YES;
				CLANG_WARN_OBJC_ROOT_CLASS = YES_ERROR;
				CLANG_WARN_QUOTED_INCLUDE_IN_FRAMEWORK_HEADER = YES;
				CLANG_WARN_RANGE_LOOP_ANALYSIS = YES;
				CLANG_WARN_STRICT_PROTOTYPES = YES;
				CLANG_WARN_SUSPICIOUS_MOVE = YES;
				CLANG_WARN_UNGUARDED_AVAILABILITY = YES_AGGRESSIVE;
				CLANG_WARN_UNREACHABLE_CODE = YES;
				CLANG_WARN__DUPLICATE_METHOD_MATCH = YES;
				COPY_PHASE_STRIP = NO;
				DEBUG_INFORMATION_FORMAT = "dwarf-with-dsym";
				ENABLE_NS_ASSERTIONS = NO;
				ENABLE_STRICT_OBJC_MSGSEND = YES;
				GCC_C_LANGUAGE_STANDARD = gnu11;
				GCC_NO_COMMON_BLOCKS = YES;
				GCC_WARN_64_TO_32_BIT_CONVERSION = YES;
				GCC_WARN_ABOUT_RETURN_TYPE = YES_ERROR;
				GCC_WARN_UNDECLARED_SELECTOR = YES;
				GCC_WARN_UNINITIALIZED_AUTOS = YES_AGGRESSIVE;
				GCC_WARN_UNUSED_FUNCTION = YES;
				GCC_WARN_UNUSED_VARIABLE = YES;
				IPHONEOS_DEPLOYMENT_TARGET = 15.5;
				MTL_ENABLE_DEBUG_INFO = NO;
				MTL_FAST_MATH = YES;
				SDKROOT = iphoneos;
				SWIFT_COMPILATION_MODE = wholemodule;
				SWIFT_OPTIMIZATION_LEVEL = "-O";
				VALIDATE_PRODUCT = YES;
			};
			name = Release;
		};
		FC3F21B328936BEB0059E855 /* Debug */ = {
			isa = XCBuildConfiguration;
			buildSettings = {
				ASSETCATALOG_COMPILER_APPICON_NAME = AppIcon;
				ASSETCATALOG_COMPILER_GLOBAL_ACCENT_COLOR_NAME = AccentColor;
				CODE_SIGN_STYLE = Automatic;
				CURRENT_PROJECT_VERSION = 1;
				GENERATE_INFOPLIST_FILE = YES;
				INFOPLIST_FILE = SampleUI/Info.plist;
				INFOPLIST_KEY_UIApplicationSupportsIndirectInputEvents = YES;
				INFOPLIST_KEY_UILaunchStoryboardName = LaunchScreen;
				INFOPLIST_KEY_UIMainStoryboardFile = Main;
				INFOPLIST_KEY_UISupportedInterfaceOrientations_iPad = "UIInterfaceOrientationPortrait UIInterfaceOrientationPortraitUpsideDown UIInterfaceOrientationLandscapeLeft UIInterfaceOrientationLandscapeRight";
				INFOPLIST_KEY_UISupportedInterfaceOrientations_iPhone = "UIInterfaceOrientationPortrait UIInterfaceOrientationLandscapeLeft UIInterfaceOrientationLandscapeRight";
				LD_RUNPATH_SEARCH_PATHS = (
					"$(inherited)",
					"@executable_path/Frameworks",
				);
				MARKETING_VERSION = 1.0;
				PRODUCT_BUNDLE_IDENTIFIER = com.tanaka.SampleUI;
				PRODUCT_NAME = "$(TARGET_NAME)";
				SWIFT_EMIT_LOC_STRINGS = YES;
				SWIFT_VERSION = 5.0;
				TARGETED_DEVICE_FAMILY = "1,2";
			};
			name = Debug;
		};
		FC3F21B428936BEB0059E855 /* Release */ = {
			isa = XCBuildConfiguration;
			buildSettings = {
				ASSETCATALOG_COMPILER_APPICON_NAME = AppIcon;
				ASSETCATALOG_COMPILER_GLOBAL_ACCENT_COLOR_NAME = AccentColor;
				CODE_SIGN_STYLE = Automatic;
				CURRENT_PROJECT_VERSION = 1;
				GENERATE_INFOPLIST_FILE = YES;
				INFOPLIST_FILE = SampleUI/Info.plist;
				INFOPLIST_KEY_UIApplicationSupportsIndirectInputEvents = YES;
				INFOPLIST_KEY_UILaunchStoryboardName = LaunchScreen;
				INFOPLIST_KEY_UIMainStoryboardFile = Main;
				INFOPLIST_KEY_UISupportedInterfaceOrientations_iPad = "UIInterfaceOrientationPortrait UIInterfaceOrientationPortraitUpsideDown UIInterfaceOrientationLandscapeLeft UIInterfaceOrientationLandscapeRight";
				INFOPLIST_KEY_UISupportedInterfaceOrientations_iPhone = "UIInterfaceOrientationPortrait UIInterfaceOrientationLandscapeLeft UIInterfaceOrientationLandscapeRight";
				LD_RUNPATH_SEARCH_PATHS = (
					"$(inherited)",
					"@executable_path/Frameworks",
				);
				MARKETING_VERSION = 1.0;
				PRODUCT_BUNDLE_IDENTIFIER = com.tanaka.SampleUI;
				PRODUCT_NAME = "$(TARGET_NAME)";
				SWIFT_EMIT_LOC_STRINGS = YES;
				SWIFT_VERSION = 5.0;
				TARGETED_DEVICE_FAMILY = "1,2";
			};
			name = Release;
		};
		FC3F21B628936BEB0059E855 /* Debug */ = {
			isa = XCBuildConfiguration;
			buildSettings = {
				ALWAYS_EMBED_SWIFT_STANDARD_LIBRARIES = YES;
				BUNDLE_LOADER = "$(TEST_HOST)";
				CODE_SIGN_STYLE = Automatic;
				CURRENT_PROJECT_VERSION = 1;
				GENERATE_INFOPLIST_FILE = YES;
				IPHONEOS_DEPLOYMENT_TARGET = 15.5;
				MARKETING_VERSION = 1.0;
				PRODUCT_BUNDLE_IDENTIFIER = com.tanaka.SampleUITests;
				PRODUCT_NAME = "$(TARGET_NAME)";
				SWIFT_EMIT_LOC_STRINGS = NO;
				SWIFT_VERSION = 5.0;
				TARGETED_DEVICE_FAMILY = "1,2";
				TEST_HOST = "$(BUILT_PRODUCTS_DIR)/SampleUI.app/SampleUI";
			};
			name = Debug;
		};
		FC3F21B728936BEB0059E855 /* Release */ = {
			isa = XCBuildConfiguration;
			buildSettings = {
				ALWAYS_EMBED_SWIFT_STANDARD_LIBRARIES = YES;
				BUNDLE_LOADER = "$(TEST_HOST)";
				CODE_SIGN_STYLE = Automatic;
				CURRENT_PROJECT_VERSION = 1;
				GENERATE_INFOPLIST_FILE = YES;
				IPHONEOS_DEPLOYMENT_TARGET = 15.5;
				MARKETING_VERSION = 1.0;
				PRODUCT_BUNDLE_IDENTIFIER = com.tanaka.SampleUITests;
				PRODUCT_NAME = "$(TARGET_NAME)";
				SWIFT_EMIT_LOC_STRINGS = NO;
				SWIFT_VERSION = 5.0;
				TARGETED_DEVICE_FAMILY = "1,2";
				TEST_HOST = "$(BUILT_PRODUCTS_DIR)/SampleUI.app/SampleUI";
			};
			name = Release;
		};
		FC3F21B928936BEB0059E855 /* Debug */ = {
			isa = XCBuildConfiguration;
			buildSettings = {
				ALWAYS_EMBED_SWIFT_STANDARD_LIBRARIES = YES;
				CODE_SIGN_STYLE = Automatic;
				CURRENT_PROJECT_VERSION = 1;
				GENERATE_INFOPLIST_FILE = YES;
				MARKETING_VERSION = 1.0;
				PRODUCT_BUNDLE_IDENTIFIER = com.tanaka.SampleUIUITests;
				PRODUCT_NAME = "$(TARGET_NAME)";
				SWIFT_EMIT_LOC_STRINGS = NO;
				SWIFT_VERSION = 5.0;
				TARGETED_DEVICE_FAMILY = "1,2";
				TEST_TARGET_NAME = SampleUI;
			};
			name = Debug;
		};
		FC3F21BA28936BEB0059E855 /* Release */ = {
			isa = XCBuildConfiguration;
			buildSettings = {
				ALWAYS_EMBED_SWIFT_STANDARD_LIBRARIES = YES;
				CODE_SIGN_STYLE = Automatic;
				CURRENT_PROJECT_VERSION = 1;
				GENERATE_INFOPLIST_FILE = YES;
				MARKETING_VERSION = 1.0;
				PRODUCT_BUNDLE_IDENTIFIER = com.tanaka.SampleUIUITests;
				PRODUCT_NAME = "$(TARGET_NAME)";
				SWIFT_EMIT_LOC_STRINGS = NO;
				SWIFT_VERSION = 5.0;
				TARGETED_DEVICE_FAMILY = "1,2";
				TEST_TARGET_NAME = SampleUI;
			};
			name = Release;
		};
/* End XCBuildConfiguration section */

/* Begin XCConfigurationList section */
		FC3F218328936BE30059E855 /* Build configuration list for PBXProject "SampleUI" */ = {
			isa = XCConfigurationList;
			buildConfigurations = (
				FC3F21B028936BEB0059E855 /* Debug */,
				FC3F21B128936BEB0059E855 /* Release */,
			);
			defaultConfigurationIsVisible = 0;
			defaultConfigurationName = Release;
		};
		FC3F21B228936BEB0059E855 /* Build configuration list for PBXNativeTarget "SampleUI" */ = {
			isa = XCConfigurationList;
			buildConfigurations = (
				FC3F21B328936BEB0059E855 /* Debug */,
				FC3F21B428936BEB0059E855 /* Release */,
			);
			defaultConfigurationIsVisible = 0;
			defaultConfigurationName = Release;
		};
		FC3F21B528936BEB0059E855 /* Build configuration list for PBXNativeTarget "SampleUITests" */ = {
			isa = XCConfigurationList;
			buildConfigurations = (
				FC3F21B628936BEB0059E855 /* Debug */,
				FC3F21B728936BEB0059E855 /* Release */,
			);
			defaultConfigurationIsVisible = 0;
			defaultConfigurationName = Release;
		};
		FC3F21B828936BEB0059E855 /* Build configuration list for PBXNativeTarget "SampleUIUITests" */ = {
			isa = XCConfigurationList;
			buildConfigurations = (
				FC3F21B928936BEB0059E855 /* Debug */,
				FC3F21BA28936BEB0059E855 /* Release */,
			);
			defaultConfigurationIsVisible = 0;
			defaultConfigurationName = Release;
		};
/* End XCConfigurationList section */
	};
	rootObject = FC3F218028936BE30059E855 /* Project object */;
}
